
Microsoft Visual Studio Solution File, Format Version 12.00
# Visual Studio Version 17
VisualStudioVersion = 17.0.32126.317
MinimumVisualStudioVersion = 10.0.40219.1
Project("{FAE04EC0-301F-11D3-BF4B-00C04F79EFBC}") = "SQLManager", "Laba15\SQLManager.csproj", "{A6179AC1-A9E1-4E06-910D-1101C12535C2}"
EndProject
Global
	GlobalSection(SolutionConfigurationPlatforms) = preSolution
		Debug|Any CPU = Debug|Any CPU
		Release|Any CPU = Release|Any CPU
	EndGlobalSection
	GlobalSection(ProjectConfigurationPlatforms) = postSolution
		{A6179AC1-A9E1-4E06-910D-1101C12535C2}.Debug|Any CPU.ActiveCfg = Debug|Any CPU
		{A6179AC1-A9E1-4E06-910D-1101C12535C2}.Debug|Any CPU.Build.0 = Debug|Any CPU
		{A6179AC1-A9E1-4E06-910D-1101C12535C2}.Release|Any CPU.ActiveCfg = Release|Any CPU
		{A6179AC1-A9E1-4E06-910D-1101C12535C2}.Release|Any CPU.Build.0 = Release|Any CPU
	EndGlobalSection
	GlobalSection(SolutionProperties) = preSolution
		HideSolutionNode = FALSE
	EndGlobalSection
	GlobalSection(ExtensibilityGlobals) = postSolution
		SolutionGuid = {2DF9AB90-57AC-4AEB-97E4-6FEB4822E6E9}
	EndGlobalSection
EndGlobal
